{
  "pins" : [
    {
      "identity" : "hierarchy",
      "kind" : "remoteSourceControl",
      "location" : "https://github.com/unsaferawpointer/Hierarchy",
      "state" : {
        "branch" : "main",
        "revision" : "41e864c2ba6086fc2c2649e81010d158787644e6"
      }
    }
  ],
  "version" : 2
}
