// !$*UTF8*$!
{
	archiveVersion = 1;
	classes = {
	};
	objectVersion = 56;
	objects = {

/* Begin PBXBuildFile section */
		4C01109829EA74380084B5BB /* AppDelegate.swift in Sources */ = {isa = PBXBuildFile; fileRef = 4C01109729EA74380084B5BB /* AppDelegate.swift */; };
		4C01109C29EA74380084B5BB /* Document.swift in Sources */ = {isa = PBXBuildFile; fileRef = 4C01109B29EA74380084B5BB /* Document.swift */; };
		4C01109E29EA74390084B5BB /* Assets.xcassets in Resources */ = {isa = PBXBuildFile; fileRef = 4C01109D29EA74390084B5BB /* Assets.xcassets */; };
		4C0110A129EA74390084B5BB /* Main.storyboard in Resources */ = {isa = PBXBuildFile; fileRef = 4C01109F29EA74390084B5BB /* Main.storyboard */; };
		4C0110B729EA74390084B5BB /* NodeUITests.swift in Sources */ = {isa = PBXBuildFile; fileRef = 4C0110B629EA74390084B5BB /* NodeUITests.swift */; };
		4C0110B929EA74390084B5BB /* NodeUITestsLaunchTests.swift in Sources */ = {isa = PBXBuildFile; fileRef = 4C0110B829EA74390084B5BB /* NodeUITestsLaunchTests.swift */; };
		4C0110C729EA749F0084B5BB /* WindowController.swift in Sources */ = {isa = PBXBuildFile; fileRef = 4C0110C629EA74930084B5BB /* WindowController.swift */; };
		4C0110CA29EA74CC0084B5BB /* NSWindow + Extensions.swift in Sources */ = {isa = PBXBuildFile; fileRef = 4C0110C929EA74CC0084B5BB /* NSWindow + Extensions.swift */; };
		4C0110CF29EA7D4D0084B5BB /* Editor.swift in Sources */ = {isa = PBXBuildFile; fileRef = 4C0110CE29EA7D4D0084B5BB /* Editor.swift */; };
		4C0110D129EA7D920084B5BB /* Editor.ViewController.swift in Sources */ = {isa = PBXBuildFile; fileRef = 4C0110D029EA7D920084B5BB /* Editor.ViewController.swift */; };
		4C0110D729EA7E890084B5BB /* NSTableColumn + Extentions.swift in Sources */ = {isa = PBXBuildFile; fileRef = 4C0110D229EA7E890084B5BB /* NSTableColumn + Extentions.swift */; };
		4C0110D829EA7E890084B5BB /* NSTableView + Extentions.swift in Sources */ = {isa = PBXBuildFile; fileRef = 4C0110D329EA7E890084B5BB /* NSTableView + Extentions.swift */; };
		4C0110D929EA7E890084B5BB /* NSOutlineView + Extensions.swift in Sources */ = {isa = PBXBuildFile; fileRef = 4C0110D429EA7E890084B5BB /* NSOutlineView + Extensions.swift */; };
		4C0110DB29EA7E890084B5BB /* NSScrollView + Extensions.swift in Sources */ = {isa = PBXBuildFile; fileRef = 4C0110D629EA7E890084B5BB /* NSScrollView + Extensions.swift */; };
		4C56603A29F54FF4004F60B9 /* ReferenceIdentifiable.swift in Sources */ = {isa = PBXBuildFile; fileRef = 4C56603929F54FF4004F60B9 /* ReferenceIdentifiable.swift */; };
		4C56603C29F5543F004F60B9 /* TreeTests + Insert.swift in Sources */ = {isa = PBXBuildFile; fileRef = 4C56603B29F5543F004F60B9 /* TreeTests + Insert.swift */; };
		4CD8941C29FB92A2008A627C /* ToolbarFactory.swift in Sources */ = {isa = PBXBuildFile; fileRef = 4CD8941B29FB92A2008A627C /* ToolbarFactory.swift */; };
		4CDE0ACF29F54E5C00FC3812 /* Tree.swift in Sources */ = {isa = PBXBuildFile; fileRef = 4CDE0ACE29F54E5C00FC3812 /* Tree.swift */; };
		4CDE0AD129F54E7E00FC3812 /* Tree + Node.swift in Sources */ = {isa = PBXBuildFile; fileRef = 4CDE0AD029F54E7E00FC3812 /* Tree + Node.swift */; };
		4CEBDD6729F5C03B00019F43 /* Checkbox.swift in Sources */ = {isa = PBXBuildFile; fileRef = 4CEBDD6629F5C03B00019F43 /* Checkbox.swift */; };
		4CEBDD6B29F5C10400019F43 /* ConfigurableField.swift in Sources */ = {isa = PBXBuildFile; fileRef = 4CEBDD6A29F5C10400019F43 /* ConfigurableField.swift */; };
		4CEBDD6D29F5C4FB00019F43 /* FieldConfiguration.swift in Sources */ = {isa = PBXBuildFile; fileRef = 4CEBDD6C29F5C4FB00019F43 /* FieldConfiguration.swift */; };
		4CEBDD6F29F5C81A00019F43 /* CheckboxConfiguration.swift in Sources */ = {isa = PBXBuildFile; fileRef = 4CEBDD6E29F5C81A00019F43 /* CheckboxConfiguration.swift */; };
		4CEBDD7129F656AB00019F43 /* Editor.Presenter.swift in Sources */ = {isa = PBXBuildFile; fileRef = 4CEBDD7029F656AB00019F43 /* Editor.Presenter.swift */; };
		4CEBDD7329F664B900019F43 /* Editor.NodeModel.swift in Sources */ = {isa = PBXBuildFile; fileRef = 4CEBDD7229F664B900019F43 /* Editor.NodeModel.swift */; };
		4CEBDD7629F6E97B00019F43 /* DataProvider.swift in Sources */ = {isa = PBXBuildFile; fileRef = 4CEBDD7529F6E97B00019F43 /* DataProvider.swift */; };
		4CEBDD7829F7010500019F43 /* ViewControllerOutput.swift in Sources */ = {isa = PBXBuildFile; fileRef = 4CEBDD7729F7010500019F43 /* ViewControllerOutput.swift */; };
		4CEBDD7B29F7042800019F43 /* TreeTests.swift in Sources */ = {isa = PBXBuildFile; fileRef = 4CEBDD7A29F7042800019F43 /* TreeTests.swift */; };
		4CEBDD7D29F7097500019F43 /* Editor.ViewController + NSOutlineViewDataSource.swift in Sources */ = {isa = PBXBuildFile; fileRef = 4CEBDD7C29F7097500019F43 /* Editor.ViewController + NSOutlineViewDataSource.swift */; };
		4CEBDD7F29F709BB00019F43 /* Editor.ViewController + NSOutlineViewDelegate.swift in Sources */ = {isa = PBXBuildFile; fileRef = 4CEBDD7E29F709BB00019F43 /* Editor.ViewController + NSOutlineViewDelegate.swift */; };
		4CEBDD8129F70B1300019F43 /* Editor.Assembly.swift in Sources */ = {isa = PBXBuildFile; fileRef = 4CEBDD8029F70B1300019F43 /* Editor.Assembly.swift */; };
		4CEBDD8429F8262400019F43 /* EditorPresenterTests.swift in Sources */ = {isa = PBXBuildFile; fileRef = 4CEBDD8329F8262400019F43 /* EditorPresenterTests.swift */; };
		4CEBDD8729F8271500019F43 /* DataProviderMock.swift in Sources */ = {isa = PBXBuildFile; fileRef = 4CEBDD8629F8271500019F43 /* DataProviderMock.swift */; };
		4CEBDD8C29F8286A00019F43 /* EditorViewSpy.swift in Sources */ = {isa = PBXBuildFile; fileRef = 4CEBDD8B29F8286A00019F43 /* EditorViewSpy.swift */; };
		4CEBDD8E29F8455E00019F43 /* Tree + NodeTests.swift in Sources */ = {isa = PBXBuildFile; fileRef = 4CEBDD8D29F8455E00019F43 /* Tree + NodeTests.swift */; };
		4CEBDD9029F845FC00019F43 /* ObjectMock.swift in Sources */ = {isa = PBXBuildFile; fileRef = 4CEBDD8F29F845FC00019F43 /* ObjectMock.swift */; };
		4CEBDD9A29F85EE100019F43 /* Editor.ContextMenuFactory.swift in Sources */ = {isa = PBXBuildFile; fileRef = 4CEBDD9929F85EE100019F43 /* Editor.ContextMenuFactory.swift */; };
		4CEBDD9D29F86B4200019F43 /* Editor.Localization.swift in Sources */ = {isa = PBXBuildFile; fileRef = 4CEBDD9C29F86B4200019F43 /* Editor.Localization.swift */; };
		4CEBDDA429F9AE3D00019F43 /* CommonMenuSupportable.swift in Sources */ = {isa = PBXBuildFile; fileRef = 4CEBDDA329F9AE3D00019F43 /* CommonMenuSupportable.swift */; };
		4CEBDDA629F9B69000019F43 /* TableSupportable.swift in Sources */ = {isa = PBXBuildFile; fileRef = 4CEBDDA529F9B69000019F43 /* TableSupportable.swift */; };
		4CEBDDA929F9B92600019F43 /* Configurable.swift in Sources */ = {isa = PBXBuildFile; fileRef = 4CEBDDA829F9B92600019F43 /* Configurable.swift */; };
		4CEBDDAB29FB009000019F43 /* DataProviderProtocol.swift in Sources */ = {isa = PBXBuildFile; fileRef = 4CEBDDAA29FB009000019F43 /* DataProviderProtocol.swift */; };
		4CEBDDAD29FB00A800019F43 /* DataProviderOperation.swift in Sources */ = {isa = PBXBuildFile; fileRef = 4CEBDDAC29FB00A800019F43 /* DataProviderOperation.swift */; };
		4CFEF75129F5A04D000A2629 /* Bindable.swift in Sources */ = {isa = PBXBuildFile; fileRef = 4CFEF75029F5A04D000A2629 /* Bindable.swift */; };
		4CFEF75329F5A144000A2629 /* BindableTests.swift in Sources */ = {isa = PBXBuildFile; fileRef = 4CFEF75229F5A144000A2629 /* BindableTests.swift */; };
/* End PBXBuildFile section */

/* Begin PBXContainerItemProxy section */
		4C0110A929EA74390084B5BB /* PBXContainerItemProxy */ = {
			isa = PBXContainerItemProxy;
			containerPortal = 4C01108C29EA74380084B5BB /* Project object */;
			proxyType = 1;
			remoteGlobalIDString = 4C01109329EA74380084B5BB;
			remoteInfo = Node;
		};
		4C0110B329EA74390084B5BB /* PBXContainerItemProxy */ = {
			isa = PBXContainerItemProxy;
			containerPortal = 4C01108C29EA74380084B5BB /* Project object */;
			proxyType = 1;
			remoteGlobalIDString = 4C01109329EA74380084B5BB;
			remoteInfo = Node;
		};
/* End PBXContainerItemProxy section */

/* Begin PBXFileReference section */
		4C01109429EA74380084B5BB /* Node.app */ = {isa = PBXFileReference; explicitFileType = wrapper.application; includeInIndex = 0; path = Node.app; sourceTree = BUILT_PRODUCTS_DIR; };
		4C01109729EA74380084B5BB /* AppDelegate.swift */ = {isa = PBXFileReference; lastKnownFileType = sourcecode.swift; path = AppDelegate.swift; sourceTree = "<group>"; };
		4C01109B29EA74380084B5BB /* Document.swift */ = {isa = PBXFileReference; lastKnownFileType = sourcecode.swift; path = Document.swift; sourceTree = "<group>"; };
		4C01109D29EA74390084B5BB /* Assets.xcassets */ = {isa = PBXFileReference; lastKnownFileType = folder.assetcatalog; path = Assets.xcassets; sourceTree = "<group>"; };
		4C0110A029EA74390084B5BB /* Base */ = {isa = PBXFileReference; lastKnownFileType = file.storyboard; name = Base; path = Base.lproj/Main.storyboard; sourceTree = "<group>"; };
		4C0110A229EA74390084B5BB /* Info.plist */ = {isa = PBXFileReference; lastKnownFileType = text.plist.xml; path = Info.plist; sourceTree = "<group>"; };
		4C0110A329EA74390084B5BB /* Node.entitlements */ = {isa = PBXFileReference; lastKnownFileType = text.plist.entitlements; path = Node.entitlements; sourceTree = "<group>"; };
		4C0110A829EA74390084B5BB /* NodeTests.xctest */ = {isa = PBXFileReference; explicitFileType = wrapper.cfbundle; includeInIndex = 0; path = NodeTests.xctest; sourceTree = BUILT_PRODUCTS_DIR; };
		4C0110B229EA74390084B5BB /* NodeUITests.xctest */ = {isa = PBXFileReference; explicitFileType = wrapper.cfbundle; includeInIndex = 0; path = NodeUITests.xctest; sourceTree = BUILT_PRODUCTS_DIR; };
		4C0110B629EA74390084B5BB /* NodeUITests.swift */ = {isa = PBXFileReference; lastKnownFileType = sourcecode.swift; path = NodeUITests.swift; sourceTree = "<group>"; };
		4C0110B829EA74390084B5BB /* NodeUITestsLaunchTests.swift */ = {isa = PBXFileReference; lastKnownFileType = sourcecode.swift; path = NodeUITestsLaunchTests.swift; sourceTree = "<group>"; };
		4C0110C629EA74930084B5BB /* WindowController.swift */ = {isa = PBXFileReference; lastKnownFileType = sourcecode.swift; path = WindowController.swift; sourceTree = "<group>"; };
		4C0110C929EA74CC0084B5BB /* NSWindow + Extensions.swift */ = {isa = PBXFileReference; fileEncoding = 4; lastKnownFileType = sourcecode.swift; path = "NSWindow + Extensions.swift"; sourceTree = "<group>"; };
		4C0110CE29EA7D4D0084B5BB /* Editor.swift */ = {isa = PBXFileReference; lastKnownFileType = sourcecode.swift; path = Editor.swift; sourceTree = "<group>"; };
		4C0110D029EA7D920084B5BB /* Editor.ViewController.swift */ = {isa = PBXFileReference; lastKnownFileType = sourcecode.swift; path = Editor.ViewController.swift; sourceTree = "<group>"; };
		4C0110D229EA7E890084B5BB /* NSTableColumn + Extentions.swift */ = {isa = PBXFileReference; fileEncoding = 4; lastKnownFileType = sourcecode.swift; path = "NSTableColumn + Extentions.swift"; sourceTree = "<group>"; };
		4C0110D329EA7E890084B5BB /* NSTableView + Extentions.swift */ = {isa = PBXFileReference; fileEncoding = 4; lastKnownFileType = sourcecode.swift; path = "NSTableView + Extentions.swift"; sourceTree = "<group>"; };
		4C0110D429EA7E890084B5BB /* NSOutlineView + Extensions.swift */ = {isa = PBXFileReference; fileEncoding = 4; lastKnownFileType = sourcecode.swift; path = "NSOutlineView + Extensions.swift"; sourceTree = "<group>"; };
		4C0110D629EA7E890084B5BB /* NSScrollView + Extensions.swift */ = {isa = PBXFileReference; fileEncoding = 4; lastKnownFileType = sourcecode.swift; path = "NSScrollView + Extensions.swift"; sourceTree = "<group>"; };
		4C56603929F54FF4004F60B9 /* ReferenceIdentifiable.swift */ = {isa = PBXFileReference; lastKnownFileType = sourcecode.swift; path = ReferenceIdentifiable.swift; sourceTree = "<group>"; };
		4C56603B29F5543F004F60B9 /* TreeTests + Insert.swift */ = {isa = PBXFileReference; fileEncoding = 4; lastKnownFileType = sourcecode.swift; path = "TreeTests + Insert.swift"; sourceTree = "<group>"; };
		4CD8941B29FB92A2008A627C /* ToolbarFactory.swift */ = {isa = PBXFileReference; lastKnownFileType = sourcecode.swift; path = ToolbarFactory.swift; sourceTree = "<group>"; };
		4CDE0ACE29F54E5C00FC3812 /* Tree.swift */ = {isa = PBXFileReference; lastKnownFileType = sourcecode.swift; path = Tree.swift; sourceTree = "<group>"; };
		4CDE0AD029F54E7E00FC3812 /* Tree + Node.swift */ = {isa = PBXFileReference; lastKnownFileType = sourcecode.swift; path = "Tree + Node.swift"; sourceTree = "<group>"; };
		4CEBDD6629F5C03B00019F43 /* Checkbox.swift */ = {isa = PBXFileReference; lastKnownFileType = sourcecode.swift; path = Checkbox.swift; sourceTree = "<group>"; };
		4CEBDD6A29F5C10400019F43 /* ConfigurableField.swift */ = {isa = PBXFileReference; lastKnownFileType = sourcecode.swift; path = ConfigurableField.swift; sourceTree = "<group>"; };
		4CEBDD6C29F5C4FB00019F43 /* FieldConfiguration.swift */ = {isa = PBXFileReference; lastKnownFileType = sourcecode.swift; path = FieldConfiguration.swift; sourceTree = "<group>"; };
		4CEBDD6E29F5C81A00019F43 /* CheckboxConfiguration.swift */ = {isa = PBXFileReference; lastKnownFileType = sourcecode.swift; path = CheckboxConfiguration.swift; sourceTree = "<group>"; };
		4CEBDD7029F656AB00019F43 /* Editor.Presenter.swift */ = {isa = PBXFileReference; lastKnownFileType = sourcecode.swift; path = Editor.Presenter.swift; sourceTree = "<group>"; };
		4CEBDD7229F664B900019F43 /* Editor.NodeModel.swift */ = {isa = PBXFileReference; lastKnownFileType = sourcecode.swift; path = Editor.NodeModel.swift; sourceTree = "<group>"; };
		4CEBDD7529F6E97B00019F43 /* DataProvider.swift */ = {isa = PBXFileReference; lastKnownFileType = sourcecode.swift; path = DataProvider.swift; sourceTree = "<group>"; };
		4CEBDD7729F7010500019F43 /* ViewControllerOutput.swift */ = {isa = PBXFileReference; lastKnownFileType = sourcecode.swift; path = ViewControllerOutput.swift; sourceTree = "<group>"; };
		4CEBDD7A29F7042800019F43 /* TreeTests.swift */ = {isa = PBXFileReference; lastKnownFileType = sourcecode.swift; path = TreeTests.swift; sourceTree = "<group>"; };
		4CEBDD7C29F7097500019F43 /* Editor.ViewController + NSOutlineViewDataSource.swift */ = {isa = PBXFileReference; lastKnownFileType = sourcecode.swift; path = "Editor.ViewController + NSOutlineViewDataSource.swift"; sourceTree = "<group>"; };
		4CEBDD7E29F709BB00019F43 /* Editor.ViewController + NSOutlineViewDelegate.swift */ = {isa = PBXFileReference; lastKnownFileType = sourcecode.swift; path = "Editor.ViewController + NSOutlineViewDelegate.swift"; sourceTree = "<group>"; };
		4CEBDD8029F70B1300019F43 /* Editor.Assembly.swift */ = {isa = PBXFileReference; lastKnownFileType = sourcecode.swift; path = Editor.Assembly.swift; sourceTree = "<group>"; };
		4CEBDD8329F8262400019F43 /* EditorPresenterTests.swift */ = {isa = PBXFileReference; lastKnownFileType = sourcecode.swift; path = EditorPresenterTests.swift; sourceTree = "<group>"; };
		4CEBDD8629F8271500019F43 /* DataProviderMock.swift */ = {isa = PBXFileReference; lastKnownFileType = sourcecode.swift; path = DataProviderMock.swift; sourceTree = "<group>"; };
		4CEBDD8B29F8286A00019F43 /* EditorViewSpy.swift */ = {isa = PBXFileReference; lastKnownFileType = sourcecode.swift; path = EditorViewSpy.swift; sourceTree = "<group>"; };
		4CEBDD8D29F8455E00019F43 /* Tree + NodeTests.swift */ = {isa = PBXFileReference; lastKnownFileType = sourcecode.swift; path = "Tree + NodeTests.swift"; sourceTree = "<group>"; };
		4CEBDD8F29F845FC00019F43 /* ObjectMock.swift */ = {isa = PBXFileReference; lastKnownFileType = sourcecode.swift; path = ObjectMock.swift; sourceTree = "<group>"; };
		4CEBDD9929F85EE100019F43 /* Editor.ContextMenuFactory.swift */ = {isa = PBXFileReference; lastKnownFileType = sourcecode.swift; path = Editor.ContextMenuFactory.swift; sourceTree = "<group>"; };
		4CEBDD9C29F86B4200019F43 /* Editor.Localization.swift */ = {isa = PBXFileReference; lastKnownFileType = sourcecode.swift; path = Editor.Localization.swift; sourceTree = "<group>"; };
		4CEBDDA329F9AE3D00019F43 /* CommonMenuSupportable.swift */ = {isa = PBXFileReference; lastKnownFileType = sourcecode.swift; path = CommonMenuSupportable.swift; sourceTree = "<group>"; };
		4CEBDDA529F9B69000019F43 /* TableSupportable.swift */ = {isa = PBXFileReference; lastKnownFileType = sourcecode.swift; path = TableSupportable.swift; sourceTree = "<group>"; };
		4CEBDDA829F9B92600019F43 /* Configurable.swift */ = {isa = PBXFileReference; lastKnownFileType = sourcecode.swift; path = Configurable.swift; sourceTree = "<group>"; };
		4CEBDDAA29FB009000019F43 /* DataProviderProtocol.swift */ = {isa = PBXFileReference; lastKnownFileType = sourcecode.swift; path = DataProviderProtocol.swift; sourceTree = "<group>"; };
		4CEBDDAC29FB00A800019F43 /* DataProviderOperation.swift */ = {isa = PBXFileReference; lastKnownFileType = sourcecode.swift; path = DataProviderOperation.swift; sourceTree = "<group>"; };
		4CFEF75029F5A04D000A2629 /* Bindable.swift */ = {isa = PBXFileReference; lastKnownFileType = sourcecode.swift; path = Bindable.swift; sourceTree = "<group>"; };
		4CFEF75229F5A144000A2629 /* BindableTests.swift */ = {isa = PBXFileReference; lastKnownFileType = sourcecode.swift; path = BindableTests.swift; sourceTree = "<group>"; };
/* End PBXFileReference section */

/* Begin PBXFrameworksBuildPhase section */
		4C01109129EA74380084B5BB /* Frameworks */ = {
			isa = PBXFrameworksBuildPhase;
			buildActionMask = 2147483647;
			files = (
			);
			runOnlyForDeploymentPostprocessing = 0;
		};
		4C0110A529EA74390084B5BB /* Frameworks */ = {
			isa = PBXFrameworksBuildPhase;
			buildActionMask = 2147483647;
			files = (
			);
			runOnlyForDeploymentPostprocessing = 0;
		};
		4C0110AF29EA74390084B5BB /* Frameworks */ = {
			isa = PBXFrameworksBuildPhase;
			buildActionMask = 2147483647;
			files = (
			);
			runOnlyForDeploymentPostprocessing = 0;
		};
/* End PBXFrameworksBuildPhase section */

/* Begin PBXGroup section */
		4C01108B29EA74380084B5BB = {
			isa = PBXGroup;
			children = (
				4C01109629EA74380084B5BB /* Node */,
				4C0110AB29EA74390084B5BB /* NodeTests */,
				4C0110B529EA74390084B5BB /* NodeUITests */,
				4C01109529EA74380084B5BB /* Products */,
			);
			sourceTree = "<group>";
		};
		4C01109529EA74380084B5BB /* Products */ = {
			isa = PBXGroup;
			children = (
				4C01109429EA74380084B5BB /* Node.app */,
				4C0110A829EA74390084B5BB /* NodeTests.xctest */,
				4C0110B229EA74390084B5BB /* NodeUITests.xctest */,
			);
			name = Products;
			sourceTree = "<group>";
		};
		4C01109629EA74380084B5BB /* Node */ = {
			isa = PBXGroup;
			children = (
				4C01109729EA74380084B5BB /* AppDelegate.swift */,
				4C01109B29EA74380084B5BB /* Document.swift */,
				4C0110A329EA74390084B5BB /* Node.entitlements */,
				4CDE0ACC29F54E4200FC3812 /* Common */,
				4CFEF75429F5AD16000A2629 /* UI */,
				4CDE0ACD29F54E4C00FC3812 /* Models */,
				4CEBDD7429F6E8EC00019F43 /* Services */,
				4C0110CC29EA7D1B0084B5BB /* Modules */,
				4C0110CB29EA76780084B5BB /* Resource */,
				4C0110A229EA74390084B5BB /* Info.plist */,
			);
			path = Node;
			sourceTree = "<group>";
		};
		4C0110AB29EA74390084B5BB /* NodeTests */ = {
			isa = PBXGroup;
			children = (
				4CEBDD9429F84F1400019F43 /* Misc */,
				4CEBDD8529F8267400019F43 /* Common Mocks */,
				4CEBDD8229F8228A00019F43 /* Modules */,
				4CEBDD7929F703FB00019F43 /* Tree */,
			);
			path = NodeTests;
			sourceTree = "<group>";
		};
		4C0110B529EA74390084B5BB /* NodeUITests */ = {
			isa = PBXGroup;
			children = (
				4C0110B629EA74390084B5BB /* NodeUITests.swift */,
				4C0110B829EA74390084B5BB /* NodeUITestsLaunchTests.swift */,
			);
			path = NodeUITests;
			sourceTree = "<group>";
		};
		4C0110C829EA74CC0084B5BB /* Extensions */ = {
			isa = PBXGroup;
			children = (
				4C0110C929EA74CC0084B5BB /* NSWindow + Extensions.swift */,
				4C0110D429EA7E890084B5BB /* NSOutlineView + Extensions.swift */,
				4C0110D629EA7E890084B5BB /* NSScrollView + Extensions.swift */,
				4C0110D229EA7E890084B5BB /* NSTableColumn + Extentions.swift */,
				4C0110D329EA7E890084B5BB /* NSTableView + Extentions.swift */,
			);
			path = Extensions;
			sourceTree = "<group>";
		};
		4C0110CB29EA76780084B5BB /* Resource */ = {
			isa = PBXGroup;
			children = (
				4C01109F29EA74390084B5BB /* Main.storyboard */,
				4C01109D29EA74390084B5BB /* Assets.xcassets */,
			);
			path = Resource;
			sourceTree = "<group>";
		};
		4C0110CC29EA7D1B0084B5BB /* Modules */ = {
			isa = PBXGroup;
			children = (
				4C0110CD29EA7D360084B5BB /* Editor */,
			);
			path = Modules;
			sourceTree = "<group>";
		};
		4C0110CD29EA7D360084B5BB /* Editor */ = {
			isa = PBXGroup;
			children = (
				4CEBDD9E29F8703800019F43 /* View */,
				4C0110CE29EA7D4D0084B5BB /* Editor.swift */,
				4CEBDD8029F70B1300019F43 /* Editor.Assembly.swift */,
				4CEBDD9929F85EE100019F43 /* Editor.ContextMenuFactory.swift */,
				4CEBDD7029F656AB00019F43 /* Editor.Presenter.swift */,
				4CEBDD7229F664B900019F43 /* Editor.NodeModel.swift */,
				4CEBDD9B29F86B2200019F43 /* Localization */,
			);
			path = Editor;
			sourceTree = "<group>";
		};
		4C56603829F54FD0004F60B9 /* Tree */ = {
			isa = PBXGroup;
			children = (
				4CDE0ACE29F54E5C00FC3812 /* Tree.swift */,
				4CDE0AD029F54E7E00FC3812 /* Tree + Node.swift */,
			);
			name = Tree;
			sourceTree = "<group>";
		};
		4CDE0ACC29F54E4200FC3812 /* Common */ = {
			isa = PBXGroup;
			children = (
				4C56603929F54FF4004F60B9 /* ReferenceIdentifiable.swift */,
				4CEBDDA829F9B92600019F43 /* Configurable.swift */,
				4CFEF75029F5A04D000A2629 /* Bindable.swift */,
				4CEBDD7729F7010500019F43 /* ViewControllerOutput.swift */,
			);
			path = Common;
			sourceTree = "<group>";
		};
		4CDE0ACD29F54E4C00FC3812 /* Models */ = {
			isa = PBXGroup;
			children = (
				4C56603829F54FD0004F60B9 /* Tree */,
			);
			path = Models;
			sourceTree = "<group>";
		};
		4CEBDD6529F5BEDC00019F43 /* Fields */ = {
			isa = PBXGroup;
			children = (
				4CEBDD6629F5C03B00019F43 /* Checkbox.swift */,
				4CEBDD6E29F5C81A00019F43 /* CheckboxConfiguration.swift */,
			);
			name = Fields;
			sourceTree = "<group>";
		};
		4CEBDD7429F6E8EC00019F43 /* Services */ = {
			isa = PBXGroup;
			children = (
				4CEBDD7529F6E97B00019F43 /* DataProvider.swift */,
				4CEBDDAA29FB009000019F43 /* DataProviderProtocol.swift */,
				4CEBDDAC29FB00A800019F43 /* DataProviderOperation.swift */,
			);
			path = Services;
			sourceTree = "<group>";
		};
		4CEBDD7929F703FB00019F43 /* Tree */ = {
			isa = PBXGroup;
			children = (
				4CEBDD9329F8463800019F43 /* Mocks */,
				4CEBDD9229F8462B00019F43 /* Tests */,
			);
			path = Tree;
			sourceTree = "<group>";
		};
		4CEBDD8229F8228A00019F43 /* Modules */ = {
			isa = PBXGroup;
			children = (
				4CEBDD8829F8284000019F43 /* Editor */,
			);
			path = Modules;
			sourceTree = "<group>";
		};
		4CEBDD8529F8267400019F43 /* Common Mocks */ = {
			isa = PBXGroup;
			children = (
				4CEBDD8629F8271500019F43 /* DataProviderMock.swift */,
			);
			path = "Common Mocks";
			sourceTree = "<group>";
		};
		4CEBDD8829F8284000019F43 /* Editor */ = {
			isa = PBXGroup;
			children = (
				4CEBDD8A29F8285600019F43 /* Tests */,
				4CEBDD8929F8284E00019F43 /* Mocks */,
			);
			path = Editor;
			sourceTree = "<group>";
		};
		4CEBDD8929F8284E00019F43 /* Mocks */ = {
			isa = PBXGroup;
			children = (
				4CEBDD8B29F8286A00019F43 /* EditorViewSpy.swift */,
			);
			name = Mocks;
			sourceTree = "<group>";
		};
		4CEBDD8A29F8285600019F43 /* Tests */ = {
			isa = PBXGroup;
			children = (
				4CEBDD8329F8262400019F43 /* EditorPresenterTests.swift */,
			);
			name = Tests;
			sourceTree = "<group>";
		};
		4CEBDD9229F8462B00019F43 /* Tests */ = {
			isa = PBXGroup;
			children = (
				4CEBDD7A29F7042800019F43 /* TreeTests.swift */,
				4C56603B29F5543F004F60B9 /* TreeTests + Insert.swift */,
				4CEBDD8D29F8455E00019F43 /* Tree + NodeTests.swift */,
			);
			name = Tests;
			sourceTree = "<group>";
		};
		4CEBDD9329F8463800019F43 /* Mocks */ = {
			isa = PBXGroup;
			children = (
				4CEBDD8F29F845FC00019F43 /* ObjectMock.swift */,
			);
			name = Mocks;
			sourceTree = "<group>";
		};
		4CEBDD9429F84F1400019F43 /* Misc */ = {
			isa = PBXGroup;
			children = (
				4CEBDD9629F84F2500019F43 /* Tests */,
			);
			path = Misc;
			sourceTree = "<group>";
		};
		4CEBDD9629F84F2500019F43 /* Tests */ = {
			isa = PBXGroup;
			children = (
				4CFEF75229F5A144000A2629 /* BindableTests.swift */,
			);
			name = Tests;
			sourceTree = "<group>";
		};
		4CEBDD9B29F86B2200019F43 /* Localization */ = {
			isa = PBXGroup;
			children = (
				4CEBDD9C29F86B4200019F43 /* Editor.Localization.swift */,
			);
			name = Localization;
			sourceTree = "<group>";
		};
		4CEBDD9E29F8703800019F43 /* View */ = {
			isa = PBXGroup;
			children = (
				4CEBDD7E29F709BB00019F43 /* Editor.ViewController + NSOutlineViewDelegate.swift */,
				4CEBDD7C29F7097500019F43 /* Editor.ViewController + NSOutlineViewDataSource.swift */,
				4C0110D029EA7D920084B5BB /* Editor.ViewController.swift */,
			);
			name = View;
			sourceTree = "<group>";
		};
		4CEBDDA729F9B6CC00019F43 /* Protocols */ = {
			isa = PBXGroup;
			children = (
				4CEBDDA329F9AE3D00019F43 /* CommonMenuSupportable.swift */,
				4CEBDDA529F9B69000019F43 /* TableSupportable.swift */,
				4CEBDD6A29F5C10400019F43 /* ConfigurableField.swift */,
				4CEBDD6C29F5C4FB00019F43 /* FieldConfiguration.swift */,
			);
			name = Protocols;
			sourceTree = "<group>";
		};
		4CFEF75429F5AD16000A2629 /* UI */ = {
			isa = PBXGroup;
			children = (
				4CEBDDA729F9B6CC00019F43 /* Protocols */,
				4CEBDD6529F5BEDC00019F43 /* Fields */,
				4C0110C829EA74CC0084B5BB /* Extensions */,
				4C0110C629EA74930084B5BB /* WindowController.swift */,
				4CD8941B29FB92A2008A627C /* ToolbarFactory.swift */,
			);
			path = UI;
			sourceTree = "<group>";
		};
/* End PBXGroup section */

/* Begin PBXNativeTarget section */
		4C01109329EA74380084B5BB /* Node */ = {
			isa = PBXNativeTarget;
			buildConfigurationList = 4C0110BC29EA74390084B5BB /* Build configuration list for PBXNativeTarget "Node" */;
			buildPhases = (
				4C01109029EA74380084B5BB /* Sources */,
				4C01109129EA74380084B5BB /* Frameworks */,
				4C01109229EA74380084B5BB /* Resources */,
				4CFEF74929F56383000A2629 /* ShellScript */,
			);
			buildRules = (
			);
			dependencies = (
			);
			name = Node;
			productName = Node;
			productReference = 4C01109429EA74380084B5BB /* Node.app */;
			productType = "com.apple.product-type.application";
		};
		4C0110A729EA74390084B5BB /* NodeTests */ = {
			isa = PBXNativeTarget;
			buildConfigurationList = 4C0110BF29EA74390084B5BB /* Build configuration list for PBXNativeTarget "NodeTests" */;
			buildPhases = (
				4C0110A429EA74390084B5BB /* Sources */,
				4C0110A529EA74390084B5BB /* Frameworks */,
				4C0110A629EA74390084B5BB /* Resources */,
			);
			buildRules = (
			);
			dependencies = (
				4C0110AA29EA74390084B5BB /* PBXTargetDependency */,
			);
			name = NodeTests;
			productName = NodeTests;
			productReference = 4C0110A829EA74390084B5BB /* NodeTests.xctest */;
			productType = "com.apple.product-type.bundle.unit-test";
		};
		4C0110B129EA74390084B5BB /* NodeUITests */ = {
			isa = PBXNativeTarget;
			buildConfigurationList = 4C0110C229EA74390084B5BB /* Build configuration list for PBXNativeTarget "NodeUITests" */;
			buildPhases = (
				4C0110AE29EA74390084B5BB /* Sources */,
				4C0110AF29EA74390084B5BB /* Frameworks */,
				4C0110B029EA74390084B5BB /* Resources */,
			);
			buildRules = (
			);
			dependencies = (
				4C0110B429EA74390084B5BB /* PBXTargetDependency */,
			);
			name = NodeUITests;
			productName = NodeUITests;
			productReference = 4C0110B229EA74390084B5BB /* NodeUITests.xctest */;
			productType = "com.apple.product-type.bundle.ui-testing";
		};
/* End PBXNativeTarget section */

/* Begin PBXProject section */
		4C01108C29EA74380084B5BB /* Project object */ = {
			isa = PBXProject;
			attributes = {
				BuildIndependentTargetsInParallel = 1;
				LastSwiftUpdateCheck = 1420;
				LastUpgradeCheck = 1420;
				TargetAttributes = {
					4C01109329EA74380084B5BB = {
						CreatedOnToolsVersion = 14.2;
					};
					4C0110A729EA74390084B5BB = {
						CreatedOnToolsVersion = 14.2;
						TestTargetID = 4C01109329EA74380084B5BB;
					};
					4C0110B129EA74390084B5BB = {
						CreatedOnToolsVersion = 14.2;
						TestTargetID = 4C01109329EA74380084B5BB;
					};
				};
			};
			buildConfigurationList = 4C01108F29EA74380084B5BB /* Build configuration list for PBXProject "Node" */;
			compatibilityVersion = "Xcode 14.0";
			developmentRegion = en;
			hasScannedForEncodings = 0;
			knownRegions = (
				en,
				Base,
			);
			mainGroup = 4C01108B29EA74380084B5BB;
			productRefGroup = 4C01109529EA74380084B5BB /* Products */;
			projectDirPath = "";
			projectRoot = "";
			targets = (
				4C01109329EA74380084B5BB /* Node */,
				4C0110A729EA74390084B5BB /* NodeTests */,
				4C0110B129EA74390084B5BB /* NodeUITests */,
			);
		};
/* End PBXProject section */

/* Begin PBXResourcesBuildPhase section */
		4C01109229EA74380084B5BB /* Resources */ = {
			isa = PBXResourcesBuildPhase;
			buildActionMask = 2147483647;
			files = (
				4C01109E29EA74390084B5BB /* Assets.xcassets in Resources */,
				4C0110A129EA74390084B5BB /* Main.storyboard in Resources */,
			);
			runOnlyForDeploymentPostprocessing = 0;
		};
		4C0110A629EA74390084B5BB /* Resources */ = {
			isa = PBXResourcesBuildPhase;
			buildActionMask = 2147483647;
			files = (
			);
			runOnlyForDeploymentPostprocessing = 0;
		};
		4C0110B029EA74390084B5BB /* Resources */ = {
			isa = PBXResourcesBuildPhase;
			buildActionMask = 2147483647;
			files = (
			);
			runOnlyForDeploymentPostprocessing = 0;
		};
/* End PBXResourcesBuildPhase section */

/* Begin PBXShellScriptBuildPhase section */
		4CFEF74929F56383000A2629 /* ShellScript */ = {
			isa = PBXShellScriptBuildPhase;
			buildActionMask = 2147483647;
			files = (
			);
			inputFileListPaths = (
			);
			inputPaths = (
			);
			outputFileListPaths = (
			);
			outputPaths = (
			);
			runOnlyForDeploymentPostprocessing = 0;
			shellPath = /bin/sh;
			shellScript = "if [[ \"$(uname -m)\" == arm64 ]]; then\n    export PATH=\"/opt/homebrew/bin:$PATH\"\nfi\n\nif which swiftlint > /dev/null; then\n  swiftlint\nelse\n  echo \"warning: SwiftLint not installed, download from https://github.com/realm/SwiftLint\"\nfi\n";
		};
/* End PBXShellScriptBuildPhase section */

/* Begin PBXSourcesBuildPhase section */
		4C01109029EA74380084B5BB /* Sources */ = {
			isa = PBXSourcesBuildPhase;
			buildActionMask = 2147483647;
			files = (
				4CEBDD7129F656AB00019F43 /* Editor.Presenter.swift in Sources */,
				4CEBDD8129F70B1300019F43 /* Editor.Assembly.swift in Sources */,
				4CEBDD6B29F5C10400019F43 /* ConfigurableField.swift in Sources */,
				4CEBDDAD29FB00A800019F43 /* DataProviderOperation.swift in Sources */,
				4C56603A29F54FF4004F60B9 /* ReferenceIdentifiable.swift in Sources */,
				4CEBDD6F29F5C81A00019F43 /* CheckboxConfiguration.swift in Sources */,
				4C0110C729EA749F0084B5BB /* WindowController.swift in Sources */,
				4CEBDD7829F7010500019F43 /* ViewControllerOutput.swift in Sources */,
				4C0110D929EA7E890084B5BB /* NSOutlineView + Extensions.swift in Sources */,
				4CEBDDA629F9B69000019F43 /* TableSupportable.swift in Sources */,
				4C0110CA29EA74CC0084B5BB /* NSWindow + Extensions.swift in Sources */,
				4CD8941C29FB92A2008A627C /* ToolbarFactory.swift in Sources */,
				4CDE0AD129F54E7E00FC3812 /* Tree + Node.swift in Sources */,
				4CEBDDA929F9B92600019F43 /* Configurable.swift in Sources */,
				4CEBDDAB29FB009000019F43 /* DataProviderProtocol.swift in Sources */,
				4CEBDDA429F9AE3D00019F43 /* CommonMenuSupportable.swift in Sources */,
				4CEBDD9D29F86B4200019F43 /* Editor.Localization.swift in Sources */,
				4CEBDD7629F6E97B00019F43 /* DataProvider.swift in Sources */,
				4C0110DB29EA7E890084B5BB /* NSScrollView + Extensions.swift in Sources */,
				4C01109829EA74380084B5BB /* AppDelegate.swift in Sources */,
				4C0110D729EA7E890084B5BB /* NSTableColumn + Extentions.swift in Sources */,
				4CFEF75129F5A04D000A2629 /* Bindable.swift in Sources */,
				4CEBDD7F29F709BB00019F43 /* Editor.ViewController + NSOutlineViewDelegate.swift in Sources */,
				4C0110D829EA7E890084B5BB /* NSTableView + Extentions.swift in Sources */,
				4C0110CF29EA7D4D0084B5BB /* Editor.swift in Sources */,
				4CEBDD6D29F5C4FB00019F43 /* FieldConfiguration.swift in Sources */,
				4CEBDD9A29F85EE100019F43 /* Editor.ContextMenuFactory.swift in Sources */,
				4CDE0ACF29F54E5C00FC3812 /* Tree.swift in Sources */,
				4CEBDD7D29F7097500019F43 /* Editor.ViewController + NSOutlineViewDataSource.swift in Sources */,
				4C0110D129EA7D920084B5BB /* Editor.ViewController.swift in Sources */,
				4CEBDD7329F664B900019F43 /* Editor.NodeModel.swift in Sources */,
				4C01109C29EA74380084B5BB /* Document.swift in Sources */,
				4CEBDD6729F5C03B00019F43 /* Checkbox.swift in Sources */,
			);
			runOnlyForDeploymentPostprocessing = 0;
		};
		4C0110A429EA74390084B5BB /* Sources */ = {
			isa = PBXSourcesBuildPhase;
			buildActionMask = 2147483647;
			files = (
				4CFEF75329F5A144000A2629 /* BindableTests.swift in Sources */,
				4CEBDD7B29F7042800019F43 /* TreeTests.swift in Sources */,
				4CEBDD8E29F8455E00019F43 /* Tree + NodeTests.swift in Sources */,
				4CEBDD8C29F8286A00019F43 /* EditorViewSpy.swift in Sources */,
				4CEBDD9029F845FC00019F43 /* ObjectMock.swift in Sources */,
				4C56603C29F5543F004F60B9 /* TreeTests + Insert.swift in Sources */,
				4CEBDD8729F8271500019F43 /* DataProviderMock.swift in Sources */,
				4CEBDD8429F8262400019F43 /* EditorPresenterTests.swift in Sources */,
			);
			runOnlyForDeploymentPostprocessing = 0;
		};
		4C0110AE29EA74390084B5BB /* Sources */ = {
			isa = PBXSourcesBuildPhase;
			buildActionMask = 2147483647;
			files = (
				4C0110B929EA74390084B5BB /* NodeUITestsLaunchTests.swift in Sources */,
				4C0110B729EA74390084B5BB /* NodeUITests.swift in Sources */,
			);
			runOnlyForDeploymentPostprocessing = 0;
		};
/* End PBXSourcesBuildPhase section */

/* Begin PBXTargetDependency section */
		4C0110AA29EA74390084B5BB /* PBXTargetDependency */ = {
			isa = PBXTargetDependency;
			target = 4C01109329EA74380084B5BB /* Node */;
			targetProxy = 4C0110A929EA74390084B5BB /* PBXContainerItemProxy */;
		};
		4C0110B429EA74390084B5BB /* PBXTargetDependency */ = {
			isa = PBXTargetDependency;
			target = 4C01109329EA74380084B5BB /* Node */;
			targetProxy = 4C0110B329EA74390084B5BB /* PBXContainerItemProxy */;
		};
/* End PBXTargetDependency section */

/* Begin PBXVariantGroup section */
		4C01109F29EA74390084B5BB /* Main.storyboard */ = {
			isa = PBXVariantGroup;
			children = (
				4C0110A029EA74390084B5BB /* Base */,
			);
			name = Main.storyboard;
			sourceTree = "<group>";
		};
/* End PBXVariantGroup section */

/* Begin XCBuildConfiguration section */
		4C0110BA29EA74390084B5BB /* Debug */ = {
			isa = XCBuildConfiguration;
			buildSettings = {
				ALWAYS_SEARCH_USER_PATHS = NO;
				CLANG_ANALYZER_NONNULL = YES;
				CLANG_ANALYZER_NUMBER_OBJECT_CONVERSION = YES_AGGRESSIVE;
				CLANG_CXX_LANGUAGE_STANDARD = "gnu++20";
				CLANG_ENABLE_MODULES = YES;
				CLANG_ENABLE_OBJC_ARC = YES;
				CLANG_ENABLE_OBJC_WEAK = YES;
				CLANG_WARN_BLOCK_CAPTURE_AUTORELEASING = YES;
				CLANG_WARN_BOOL_CONVERSION = YES;
				CLANG_WARN_COMMA = YES;
				CLANG_WARN_CONSTANT_CONVERSION = YES;
				CLANG_WARN_DEPRECATED_OBJC_IMPLEMENTATIONS = YES;
				CLANG_WARN_DIRECT_OBJC_ISA_USAGE = YES_ERROR;
				CLANG_WARN_DOCUMENTATION_COMMENTS = YES;
				CLANG_WARN_EMPTY_BODY = YES;
				CLANG_WARN_ENUM_CONVERSION = YES;
				CLANG_WARN_INFINITE_RECURSION = YES;
				CLANG_WARN_INT_CONVERSION = YES;
				CLANG_WARN_NON_LITERAL_NULL_CONVERSION = YES;
				CLANG_WARN_OBJC_IMPLICIT_RETAIN_SELF = YES;
				CLANG_WARN_OBJC_LITERAL_CONVERSION = YES;
				CLANG_WARN_OBJC_ROOT_CLASS = YES_ERROR;
				CLANG_WARN_QUOTED_INCLUDE_IN_FRAMEWORK_HEADER = YES;
				CLANG_WARN_RANGE_LOOP_ANALYSIS = YES;
				CLANG_WARN_STRICT_PROTOTYPES = YES;
				CLANG_WARN_SUSPICIOUS_MOVE = YES;
				CLANG_WARN_UNGUARDED_AVAILABILITY = YES_AGGRESSIVE;
				CLANG_WARN_UNREACHABLE_CODE = YES;
				CLANG_WARN__DUPLICATE_METHOD_MATCH = YES;
				COPY_PHASE_STRIP = NO;
				DEBUG_INFORMATION_FORMAT = dwarf;
				ENABLE_STRICT_OBJC_MSGSEND = YES;
				ENABLE_TESTABILITY = YES;
				GCC_C_LANGUAGE_STANDARD = gnu11;
				GCC_DYNAMIC_NO_PIC = NO;
				GCC_NO_COMMON_BLOCKS = YES;
				GCC_OPTIMIZATION_LEVEL = 0;
				GCC_PREPROCESSOR_DEFINITIONS = (
					"DEBUG=1",
					"$(inherited)",
				);
				GCC_WARN_64_TO_32_BIT_CONVERSION = YES;
				GCC_WARN_ABOUT_RETURN_TYPE = YES_ERROR;
				GCC_WARN_UNDECLARED_SELECTOR = YES;
				GCC_WARN_UNINITIALIZED_AUTOS = YES_AGGRESSIVE;
				GCC_WARN_UNUSED_FUNCTION = YES;
				GCC_WARN_UNUSED_VARIABLE = YES;
				MACOSX_DEPLOYMENT_TARGET = 13.1;
				MTL_ENABLE_DEBUG_INFO = INCLUDE_SOURCE;
				MTL_FAST_MATH = YES;
				ONLY_ACTIVE_ARCH = YES;
				SDKROOT = macosx;
				SWIFT_ACTIVE_COMPILATION_CONDITIONS = DEBUG;
				SWIFT_OPTIMIZATION_LEVEL = "-Onone";
			};
			name = Debug;
		};
		4C0110BB29EA74390084B5BB /* Release */ = {
			isa = XCBuildConfiguration;
			buildSettings = {
				ALWAYS_SEARCH_USER_PATHS = NO;
				CLANG_ANALYZER_NONNULL = YES;
				CLANG_ANALYZER_NUMBER_OBJECT_CONVERSION = YES_AGGRESSIVE;
				CLANG_CXX_LANGUAGE_STANDARD = "gnu++20";
				CLANG_ENABLE_MODULES = YES;
				CLANG_ENABLE_OBJC_ARC = YES;
				CLANG_ENABLE_OBJC_WEAK = YES;
				CLANG_WARN_BLOCK_CAPTURE_AUTORELEASING = YES;
				CLANG_WARN_BOOL_CONVERSION = YES;
				CLANG_WARN_COMMA = YES;
				CLANG_WARN_CONSTANT_CONVERSION = YES;
				CLANG_WARN_DEPRECATED_OBJC_IMPLEMENTATIONS = YES;
				CLANG_WARN_DIRECT_OBJC_ISA_USAGE = YES_ERROR;
				CLANG_WARN_DOCUMENTATION_COMMENTS = YES;
				CLANG_WARN_EMPTY_BODY = YES;
				CLANG_WARN_ENUM_CONVERSION = YES;
				CLANG_WARN_INFINITE_RECURSION = YES;
				CLANG_WARN_INT_CONVERSION = YES;
				CLANG_WARN_NON_LITERAL_NULL_CONVERSION = YES;
				CLANG_WARN_OBJC_IMPLICIT_RETAIN_SELF = YES;
				CLANG_WARN_OBJC_LITERAL_CONVERSION = YES;
				CLANG_WARN_OBJC_ROOT_CLASS = YES_ERROR;
				CLANG_WARN_QUOTED_INCLUDE_IN_FRAMEWORK_HEADER = YES;
				CLANG_WARN_RANGE_LOOP_ANALYSIS = YES;
				CLANG_WARN_STRICT_PROTOTYPES = YES;
				CLANG_WARN_SUSPICIOUS_MOVE = YES;
				CLANG_WARN_UNGUARDED_AVAILABILITY = YES_AGGRESSIVE;
				CLANG_WARN_UNREACHABLE_CODE = YES;
				CLANG_WARN__DUPLICATE_METHOD_MATCH = YES;
				COPY_PHASE_STRIP = NO;
				DEBUG_INFORMATION_FORMAT = "dwarf-with-dsym";
				ENABLE_NS_ASSERTIONS = NO;
				ENABLE_STRICT_OBJC_MSGSEND = YES;
				GCC_C_LANGUAGE_STANDARD = gnu11;
				GCC_NO_COMMON_BLOCKS = YES;
				GCC_WARN_64_TO_32_BIT_CONVERSION = YES;
				GCC_WARN_ABOUT_RETURN_TYPE = YES_ERROR;
				GCC_WARN_UNDECLARED_SELECTOR = YES;
				GCC_WARN_UNINITIALIZED_AUTOS = YES_AGGRESSIVE;
				GCC_WARN_UNUSED_FUNCTION = YES;
				GCC_WARN_UNUSED_VARIABLE = YES;
				MACOSX_DEPLOYMENT_TARGET = 13.1;
				MTL_ENABLE_DEBUG_INFO = NO;
				MTL_FAST_MATH = YES;
				SDKROOT = macosx;
				SWIFT_COMPILATION_MODE = wholemodule;
				SWIFT_OPTIMIZATION_LEVEL = "-O";
			};
			name = Release;
		};
		4C0110BD29EA74390084B5BB /* Debug */ = {
			isa = XCBuildConfiguration;
			buildSettings = {
				ASSETCATALOG_COMPILER_APPICON_NAME = AppIcon;
				ASSETCATALOG_COMPILER_GLOBAL_ACCENT_COLOR_NAME = AccentColor;
				CODE_SIGN_ENTITLEMENTS = Node/Node.entitlements;
				CODE_SIGN_STYLE = Automatic;
				COMBINE_HIDPI_IMAGES = YES;
				CURRENT_PROJECT_VERSION = 1;
				DEVELOPMENT_TEAM = 48KV35Y6PN;
				ENABLE_HARDENED_RUNTIME = YES;
				GENERATE_INFOPLIST_FILE = YES;
				INFOPLIST_FILE = Node/Info.plist;
				INFOPLIST_KEY_NSHumanReadableCopyright = "";
				INFOPLIST_KEY_NSMainStoryboardFile = Main;
				INFOPLIST_KEY_NSPrincipalClass = NSApplication;
				LD_RUNPATH_SEARCH_PATHS = (
					"$(inherited)",
					"@executable_path/../Frameworks",
				);
				MARKETING_VERSION = 1.0;
				PRODUCT_BUNDLE_IDENTIFIER = "dev.mini-app.Node";
				PRODUCT_NAME = "$(TARGET_NAME)";
				SWIFT_EMIT_LOC_STRINGS = YES;
				SWIFT_VERSION = 5.0;
			};
			name = Debug;
		};
		4C0110BE29EA74390084B5BB /* Release */ = {
			isa = XCBuildConfiguration;
			buildSettings = {
				ASSETCATALOG_COMPILER_APPICON_NAME = AppIcon;
				ASSETCATALOG_COMPILER_GLOBAL_ACCENT_COLOR_NAME = AccentColor;
				CODE_SIGN_ENTITLEMENTS = Node/Node.entitlements;
				CODE_SIGN_STYLE = Automatic;
				COMBINE_HIDPI_IMAGES = YES;
				CURRENT_PROJECT_VERSION = 1;
				DEVELOPMENT_TEAM = 48KV35Y6PN;
				ENABLE_HARDENED_RUNTIME = YES;
				GENERATE_INFOPLIST_FILE = YES;
				INFOPLIST_FILE = Node/Info.plist;
				INFOPLIST_KEY_NSHumanReadableCopyright = "";
				INFOPLIST_KEY_NSMainStoryboardFile = Main;
				INFOPLIST_KEY_NSPrincipalClass = NSApplication;
				LD_RUNPATH_SEARCH_PATHS = (
					"$(inherited)",
					"@executable_path/../Frameworks",
				);
				MARKETING_VERSION = 1.0;
				PRODUCT_BUNDLE_IDENTIFIER = "dev.mini-app.Node";
				PRODUCT_NAME = "$(TARGET_NAME)";
				SWIFT_EMIT_LOC_STRINGS = YES;
				SWIFT_VERSION = 5.0;
			};
			name = Release;
		};
		4C0110C029EA74390084B5BB /* Debug */ = {
			isa = XCBuildConfiguration;
			buildSettings = {
				ALWAYS_EMBED_SWIFT_STANDARD_LIBRARIES = YES;
				BUNDLE_LOADER = "$(TEST_HOST)";
				CODE_SIGN_STYLE = Automatic;
				CURRENT_PROJECT_VERSION = 1;
				DEVELOPMENT_TEAM = 48KV35Y6PN;
				GENERATE_INFOPLIST_FILE = YES;
				MACOSX_DEPLOYMENT_TARGET = 13.1;
				MARKETING_VERSION = 1.0;
				PRODUCT_BUNDLE_IDENTIFIER = "dev.mini-app.NodeTests";
				PRODUCT_NAME = "$(TARGET_NAME)";
				SWIFT_EMIT_LOC_STRINGS = NO;
				SWIFT_VERSION = 5.0;
				TEST_HOST = "$(BUILT_PRODUCTS_DIR)/Node.app/$(BUNDLE_EXECUTABLE_FOLDER_PATH)/Node";
			};
			name = Debug;
		};
		4C0110C129EA74390084B5BB /* Release */ = {
			isa = XCBuildConfiguration;
			buildSettings = {
				ALWAYS_EMBED_SWIFT_STANDARD_LIBRARIES = YES;
				BUNDLE_LOADER = "$(TEST_HOST)";
				CODE_SIGN_STYLE = Automatic;
				CURRENT_PROJECT_VERSION = 1;
				DEVELOPMENT_TEAM = 48KV35Y6PN;
				GENERATE_INFOPLIST_FILE = YES;
				MACOSX_DEPLOYMENT_TARGET = 13.1;
				MARKETING_VERSION = 1.0;
				PRODUCT_BUNDLE_IDENTIFIER = "dev.mini-app.NodeTests";
				PRODUCT_NAME = "$(TARGET_NAME)";
				SWIFT_EMIT_LOC_STRINGS = NO;
				SWIFT_VERSION = 5.0;
				TEST_HOST = "$(BUILT_PRODUCTS_DIR)/Node.app/$(BUNDLE_EXECUTABLE_FOLDER_PATH)/Node";
			};
			name = Release;
		};
		4C0110C329EA74390084B5BB /* Debug */ = {
			isa = XCBuildConfiguration;
			buildSettings = {
				ALWAYS_EMBED_SWIFT_STANDARD_LIBRARIES = YES;
				CODE_SIGN_STYLE = Automatic;
				CURRENT_PROJECT_VERSION = 1;
				DEVELOPMENT_TEAM = 48KV35Y6PN;
				GENERATE_INFOPLIST_FILE = YES;
				MARKETING_VERSION = 1.0;
				PRODUCT_BUNDLE_IDENTIFIER = "dev.mini-app.NodeUITests";
				PRODUCT_NAME = "$(TARGET_NAME)";
				SWIFT_EMIT_LOC_STRINGS = NO;
				SWIFT_VERSION = 5.0;
				TEST_TARGET_NAME = Node;
			};
			name = Debug;
		};
		4C0110C429EA74390084B5BB /* Release */ = {
			isa = XCBuildConfiguration;
			buildSettings = {
				ALWAYS_EMBED_SWIFT_STANDARD_LIBRARIES = YES;
				CODE_SIGN_STYLE = Automatic;
				CURRENT_PROJECT_VERSION = 1;
				DEVELOPMENT_TEAM = 48KV35Y6PN;
				GENERATE_INFOPLIST_FILE = YES;
				MARKETING_VERSION = 1.0;
				PRODUCT_BUNDLE_IDENTIFIER = "dev.mini-app.NodeUITests";
				PRODUCT_NAME = "$(TARGET_NAME)";
				SWIFT_EMIT_LOC_STRINGS = NO;
				SWIFT_VERSION = 5.0;
				TEST_TARGET_NAME = Node;
			};
			name = Release;
		};
/* End XCBuildConfiguration section */

/* Begin XCConfigurationList section */
		4C01108F29EA74380084B5BB /* Build configuration list for PBXProject "Node" */ = {
			isa = XCConfigurationList;
			buildConfigurations = (
				4C0110BA29EA74390084B5BB /* Debug */,
				4C0110BB29EA74390084B5BB /* Release */,
			);
			defaultConfigurationIsVisible = 0;
			defaultConfigurationName = Release;
		};
		4C0110BC29EA74390084B5BB /* Build configuration list for PBXNativeTarget "Node" */ = {
			isa = XCConfigurationList;
			buildConfigurations = (
				4C0110BD29EA74390084B5BB /* Debug */,
				4C0110BE29EA74390084B5BB /* Release */,
			);
			defaultConfigurationIsVisible = 0;
			defaultConfigurationName = Release;
		};
		4C0110BF29EA74390084B5BB /* Build configuration list for PBXNativeTarget "NodeTests" */ = {
			isa = XCConfigurationList;
			buildConfigurations = (
				4C0110C029EA74390084B5BB /* Debug */,
				4C0110C129EA74390084B5BB /* Release */,
			);
			defaultConfigurationIsVisible = 0;
			defaultConfigurationName = Release;
		};
		4C0110C229EA74390084B5BB /* Build configuration list for PBXNativeTarget "NodeUITests" */ = {
			isa = XCConfigurationList;
			buildConfigurations = (
				4C0110C329EA74390084B5BB /* Debug */,
				4C0110C429EA74390084B5BB /* Release */,
			);
			defaultConfigurationIsVisible = 0;
			defaultConfigurationName = Release;
		};
/* End XCConfigurationList section */
	};
	rootObject = 4C01108C29EA74380084B5BB /* Project object */;
}
